
Microsoft Visual Studio Solution File, Format Version 12.00
# Visual Studio Version 17
VisualStudioVersion = 17.4.33403.182
MinimumVisualStudioVersion = 10.0.40219.1
Project("{888888A0-9F3D-457C-B088-3A5042F75D52}") = "Traversier", "Traversier\Traversier.pyproj", "{33313C78-0157-4313-8C15-0B2DB42EF6CE}"
EndProject
Global
	GlobalSection(SolutionConfigurationPlatforms) = preSolution
		Debug|Any CPU = Debug|Any CPU
		Release|Any CPU = Release|Any CPU
	EndGlobalSection
	GlobalSection(ProjectConfigurationPlatforms) = postSolution
		{33313C78-0157-4313-8C15-0B2DB42EF6CE}.Debug|Any CPU.ActiveCfg = Debug|Any CPU
		{33313C78-0157-4313-8C15-0B2DB42EF6CE}.Release|Any CPU.ActiveCfg = Release|Any CPU
	EndGlobalSection
	GlobalSection(SolutionProperties) = preSolution
		HideSolutionNode = FALSE
	EndGlobalSection
	GlobalSection(ExtensibilityGlobals) = postSolution
		SolutionGuid = {80AC6E67-9FBA-447D-A4AF-05430F80277E}
	EndGlobalSection
EndGlobal
